{
  "nodes": {
    "catppuccin": {
      "locked": {
        "lastModified": 1735028008,
        "narHash": "sha256-crbQNRVQgPH0hX5vZk8xL9JStXo74Es7zDBjRcc4i+A=",
        "owner": "catppuccin",
        "repo": "nix",
        "rev": "bfd20bcf45f1de0e97b551be51495abf8a727f1a",
        "type": "github"
      },
      "original": {
        "owner": "catppuccin",
        "repo": "nix",
        "type": "github"
      }
    },
    "nixpkgs": {
      "locked": {
        "lastModified": 1733261153,
        "narHash": "sha256-eq51hyiaIwtWo19fPEeE0Zr2s83DYMKJoukNLgGGpek=",
        "owner": "NixOS",
        "repo": "nixpkgs",
        "rev": "b681065d0919f7eb5309a93cea2cfa84dec9aa88",
        "type": "github"
      },
      "original": {
        "id": "nixpkgs",
        "ref": "nixos-24.11",
        "type": "indirect"
      }
    },
    "root": {
      "inputs": {
        "catppuccin": "catppuccin",
        "nixpkgs": "nixpkgs"
      }
    }
  },
  "root": "root",
  "version": 7
}
